// !$*UTF8*$!
{
	archiveVersion = 1;
	classes = {
	};
	objectVersion = 77;
	objects = {

/* Begin PBXBuildFile section */
		A00BB3D52E3AF73C00D335A4 /* AppState.swift in Sources */ = {isa = PBXBuildFile; fileRef = A00BB3C82E3AF73C00D335A4 /* AppState.swift */; };
		A00BB3D62E3AF73C00D335A4 /* ContentView.swift in Sources */ = {isa = PBXBuildFile; fileRef = A00BB3C92E3AF73C00D335A4 /* ContentView.swift */; };
		A00BB3D72E3AF73C00D335A4 /* MainTabView.swift in Sources */ = {isa = PBXBuildFile; fileRef = A00BB3CA2E3AF73C00D335A4 /* MainTabView.swift */; };
		A00BB3D82E3AF73C00D335A4 /* Models.swift in Sources */ = {isa = PBXBuildFile; fileRef = A00BB3CB2E3AF73C00D335A4 /* Models.swift */; };
		A00BB3D92E3AF73C00D335A4 /* PacksView.swift in Sources */ = {isa = PBXBuildFile; fileRef = A00BB3CC2E3AF73C00D335A4 /* PacksView.swift */; };
		A00BB3DA2E3AF73C00D335A4 /* PromptView.swift in Sources */ = {isa = PBXBuildFile; fileRef = A00BB3CD2E3AF73C00D335A4 /* PromptView.swift */; };
		A00BB3DB2E3AF73C00D335A4 /* QuestPackLoader.swift in Sources */ = {isa = PBXBuildFile; fileRef = A00BB3CE2E3AF73C00D335A4 /* QuestPackLoader.swift */; };
		A00BB3DC2E3AF73C00D335A4 /* SettingsView.swift in Sources */ = {isa = PBXBuildFile; fileRef = A00BB3CF2E3AF73C00D335A4 /* SettingsView.swift */; };
		A00BB3DD2E3AF73C00D335A4 /* SideQuestsApp.swift in Sources */ = {isa = PBXBuildFile; fileRef = A00BB3D02E3AF73C00D335A4 /* SideQuestsApp.swift */; };
		A00BB3DE2E3AF73C00D335A4 /* Theme.swift in Sources */ = {isa = PBXBuildFile; fileRef = A00BB3D12E3AF73C00D335A4 /* Theme.swift */; };
		A00BB3DF2E3AF73C00D335A4 /* Preview Assets.xcassets in Resources */ = {isa = PBXBuildFile; fileRef = A00BB3C62E3AF73C00D335A4 /* Preview Assets.xcassets */; };
		A00BB3E02E3AF73C00D335A4 /* Assets.xcassets in Resources */ = {isa = PBXBuildFile; fileRef = A00BB3D32E3AF73C00D335A4 /* Assets.xcassets */; };
		A00BB40D2E3BCD2600D335A4 /* LocationManager.swift in Sources */ = {isa = PBXBuildFile; fileRef = A00BB40C2E3BCD2600D335A4 /* LocationManager.swift */; };
		A00BB45C2E3BF68E00D335A4 /* Solar in Frameworks */ = {isa = PBXBuildFile; productRef = A00BB4312E3BF4DB00D335A4 /* Solar */; };
		A00BB4652E3BFA3600D335A4 /* TimeOfDayService.swift in Sources */ = {isa = PBXBuildFile; fileRef = A00BB4632E3BFA3600D335A4 /* TimeOfDayService.swift */; };
		A00BB4892E3E77AC00D335A4 /* WidgetKit.framework in Frameworks */ = {isa = PBXBuildFile; fileRef = A00BB46C2E3E777D00D335A4 /* WidgetKit.framework */; };
		A00BB48A2E3E77AC00D335A4 /* SwiftUI.framework in Frameworks */ = {isa = PBXBuildFile; fileRef = A00BB46E2E3E777D00D335A4 /* SwiftUI.framework */; };
		A00BB4992E3E77AC00D335A4 /* SideQuestsWidgetExtension.appex in Embed Foundation Extensions */ = {isa = PBXBuildFile; fileRef = A00BB4882E3E77AC00D335A4 /* SideQuestsWidgetExtension.appex */; settings = {ATTRIBUTES = (RemoveHeadersOnCopy, ); }; };
		A00BB4AC2E3E80FB00D335A4 /* SharedModels.swift in Sources */ = {isa = PBXBuildFile; fileRef = A00BB4AB2E3E80FB00D335A4 /* SharedModels.swift */; };
		A00BB4AD2E3E80FB00D335A4 /* RefreshPromptIntent.swift in Sources */ = {isa = PBXBuildFile; fileRef = A00BB4AA2E3E80FB00D335A4 /* RefreshPromptIntent.swift */; };
		A00BB4AE2E3E80FB00D335A4 /* SharedModels.swift in Sources */ = {isa = PBXBuildFile; fileRef = A00BB4AB2E3E80FB00D335A4 /* SharedModels.swift */; };
		A00BB4AF2E3E80FB00D335A4 /* RefreshPromptIntent.swift in Sources */ = {isa = PBXBuildFile; fileRef = A00BB4AA2E3E80FB00D335A4 /* RefreshPromptIntent.swift */; };
		A00BB51B2E3E8B2500D335A4 /* questpacks in Resources */ = {isa = PBXBuildFile; fileRef = A00BB5192E3E8B0800D335A4 /* questpacks */; };
		A00BB51C2E3E8BB300D335A4 /* questpacks in Resources */ = {isa = PBXBuildFile; fileRef = A00BB5192E3E8B0800D335A4 /* questpacks */; };
/* End PBXBuildFile section */

/* Begin PBXContainerItemProxy section */
		A00BB4972E3E77AC00D335A4 /* PBXContainerItemProxy */ = {
			isa = PBXContainerItemProxy;
			containerPortal = A00D7D212E3AB91200F7538C /* Project object */;
			proxyType = 1;
			remoteGlobalIDString = A00BB4872E3E77AC00D335A4;
			remoteInfo = SideQuestsWidgetExtension;
		};
		A00D7D3A2E3AB91300F7538C /* PBXContainerItemProxy */ = {
			isa = PBXContainerItemProxy;
			containerPortal = A00D7D212E3AB91200F7538C /* Project object */;
			proxyType = 1;
			remoteGlobalIDString = A00D7D282E3AB91200F7538C;
			remoteInfo = SideQuests;
		};
		A00D7D442E3AB91300F7538C /* PBXContainerItemProxy */ = {
			isa = PBXContainerItemProxy;
			containerPortal = A00D7D212E3AB91200F7538C /* Project object */;
			proxyType = 1;
			remoteGlobalIDString = A00D7D282E3AB91200F7538C;
			remoteInfo = SideQuests;
		};
/* End PBXContainerItemProxy section */

/* Begin PBXCopyFilesBuildPhase section */
		A00BB4832E3E777E00D335A4 /* Embed Foundation Extensions */ = {
			isa = PBXCopyFilesBuildPhase;
			buildActionMask = 2147483647;
			dstPath = "";
			dstSubfolderSpec = 13;
			files = (
				A00BB4992E3E77AC00D335A4 /* SideQuestsWidgetExtension.appex in Embed Foundation Extensions */,
			);
			name = "Embed Foundation Extensions";
			runOnlyForDeploymentPostprocessing = 0;
		};
/* End PBXCopyFilesBuildPhase section */

/* Begin PBXFileReference section */
		A00BB3C62E3AF73C00D335A4 /* Preview Assets.xcassets */ = {isa = PBXFileReference; lastKnownFileType = folder.assetcatalog; path = "Preview Assets.xcassets"; sourceTree = "<group>"; };
		A00BB3C82E3AF73C00D335A4 /* AppState.swift */ = {isa = PBXFileReference; lastKnownFileType = sourcecode.swift; path = AppState.swift; sourceTree = "<group>"; };
		A00BB3C92E3AF73C00D335A4 /* ContentView.swift */ = {isa = PBXFileReference; lastKnownFileType = sourcecode.swift; path = ContentView.swift; sourceTree = "<group>"; };
		A00BB3CA2E3AF73C00D335A4 /* MainTabView.swift */ = {isa = PBXFileReference; lastKnownFileType = sourcecode.swift; path = MainTabView.swift; sourceTree = "<group>"; };
		A00BB3CB2E3AF73C00D335A4 /* Models.swift */ = {isa = PBXFileReference; lastKnownFileType = sourcecode.swift; path = Models.swift; sourceTree = "<group>"; };
		A00BB3CC2E3AF73C00D335A4 /* PacksView.swift */ = {isa = PBXFileReference; lastKnownFileType = sourcecode.swift; path = PacksView.swift; sourceTree = "<group>"; };
		A00BB3CD2E3AF73C00D335A4 /* PromptView.swift */ = {isa = PBXFileReference; lastKnownFileType = sourcecode.swift; path = PromptView.swift; sourceTree = "<group>"; };
		A00BB3CE2E3AF73C00D335A4 /* QuestPackLoader.swift */ = {isa = PBXFileReference; lastKnownFileType = sourcecode.swift; path = QuestPackLoader.swift; sourceTree = "<group>"; };
		A00BB3CF2E3AF73C00D335A4 /* SettingsView.swift */ = {isa = PBXFileReference; lastKnownFileType = sourcecode.swift; path = SettingsView.swift; sourceTree = "<group>"; };
		A00BB3D02E3AF73C00D335A4 /* SideQuestsApp.swift */ = {isa = PBXFileReference; lastKnownFileType = sourcecode.swift; path = SideQuestsApp.swift; sourceTree = "<group>"; };
		A00BB3D12E3AF73C00D335A4 /* Theme.swift */ = {isa = PBXFileReference; lastKnownFileType = sourcecode.swift; path = Theme.swift; sourceTree = "<group>"; };
		A00BB3D32E3AF73C00D335A4 /* Assets.xcassets */ = {isa = PBXFileReference; lastKnownFileType = folder.assetcatalog; path = Assets.xcassets; sourceTree = "<group>"; };
		A00BB40C2E3BCD2600D335A4 /* LocationManager.swift */ = {isa = PBXFileReference; lastKnownFileType = sourcecode.swift; path = LocationManager.swift; sourceTree = "<group>"; };
		A00BB40E2E3BD2AF00D335A4 /* Info.plist */ = {isa = PBXFileReference; lastKnownFileType = text.plist; path = Info.plist; sourceTree = "<group>"; };
		A00BB4632E3BFA3600D335A4 /* TimeOfDayService.swift */ = {isa = PBXFileReference; lastKnownFileType = sourcecode.swift; path = TimeOfDayService.swift; sourceTree = "<group>"; };
		A00BB46C2E3E777D00D335A4 /* WidgetKit.framework */ = {isa = PBXFileReference; lastKnownFileType = wrapper.framework; name = WidgetKit.framework; path = System/Library/Frameworks/WidgetKit.framework; sourceTree = SDKROOT; };
		A00BB46E2E3E777D00D335A4 /* SwiftUI.framework */ = {isa = PBXFileReference; lastKnownFileType = wrapper.framework; name = SwiftUI.framework; path = System/Library/Frameworks/SwiftUI.framework; sourceTree = SDKROOT; };
		A00BB4882E3E77AC00D335A4 /* SideQuestsWidgetExtension.appex */ = {isa = PBXFileReference; explicitFileType = "wrapper.app-extension"; includeInIndex = 0; path = SideQuestsWidgetExtension.appex; sourceTree = BUILT_PRODUCTS_DIR; };
		A00BB49E2E3E78AE00D335A4 /* SideQuests.entitlements */ = {isa = PBXFileReference; lastKnownFileType = text.plist.entitlements; path = SideQuests.entitlements; sourceTree = "<group>"; };
		A00BB49F2E3E79B200D335A4 /* SideQuestsWidgetExtension.entitlements */ = {isa = PBXFileReference; lastKnownFileType = text.plist.entitlements; path = SideQuestsWidgetExtension.entitlements; sourceTree = "<group>"; };
		A00BB4AA2E3E80FB00D335A4 /* RefreshPromptIntent.swift */ = {isa = PBXFileReference; lastKnownFileType = sourcecode.swift; path = RefreshPromptIntent.swift; sourceTree = "<group>"; };
		A00BB4AB2E3E80FB00D335A4 /* SharedModels.swift */ = {isa = PBXFileReference; lastKnownFileType = sourcecode.swift; path = SharedModels.swift; sourceTree = "<group>"; };
		A00BB5192E3E8B0800D335A4 /* questpacks */ = {isa = PBXFileReference; lastKnownFileType = folder; path = questpacks; sourceTree = "<group>"; };
		A00D7D292E3AB91200F7538C /* SideQuests.app */ = {isa = PBXFileReference; explicitFileType = wrapper.application; includeInIndex = 0; path = SideQuests.app; sourceTree = BUILT_PRODUCTS_DIR; };
		A00D7D392E3AB91300F7538C /* SideQuestsTests.xctest */ = {isa = PBXFileReference; explicitFileType = wrapper.cfbundle; includeInIndex = 0; path = SideQuestsTests.xctest; sourceTree = BUILT_PRODUCTS_DIR; };
		A00D7D432E3AB91300F7538C /* SideQuestsUITests.xctest */ = {isa = PBXFileReference; explicitFileType = wrapper.cfbundle; includeInIndex = 0; path = SideQuestsUITests.xctest; sourceTree = BUILT_PRODUCTS_DIR; };
/* End PBXFileReference section */

/* Begin PBXFileSystemSynchronizedBuildFileExceptionSet section */
		A00BB49A2E3E77AC00D335A4 /* Exceptions for "SideQuestsWidget" folder in "SideQuestsWidgetExtension" target */ = {
			isa = PBXFileSystemSynchronizedBuildFileExceptionSet;
			membershipExceptions = (
				Info.plist,
			);
			target = A00BB4872E3E77AC00D335A4 /* SideQuestsWidgetExtension */;
		};
/* End PBXFileSystemSynchronizedBuildFileExceptionSet section */

/* Begin PBXFileSystemSynchronizedRootGroup section */
		A00BB48B2E3E77AC00D335A4 /* SideQuestsWidget */ = {
			isa = PBXFileSystemSynchronizedRootGroup;
			exceptions = (
				A00BB49A2E3E77AC00D335A4 /* Exceptions for "SideQuestsWidget" folder in "SideQuestsWidgetExtension" target */,
			);
			path = SideQuestsWidget;
			sourceTree = "<group>";
		};
		A00D7D3C2E3AB91300F7538C /* SideQuestsTests */ = {
			isa = PBXFileSystemSynchronizedRootGroup;
			path = SideQuestsTests;
			sourceTree = "<group>";
		};
		A00D7D462E3AB91300F7538C /* SideQuestsUITests */ = {
			isa = PBXFileSystemSynchronizedRootGroup;
			path = SideQuestsUITests;
			sourceTree = "<group>";
		};
/* End PBXFileSystemSynchronizedRootGroup section */

/* Begin PBXFrameworksBuildPhase section */
		A00BB4852E3E77AC00D335A4 /* Frameworks */ = {
			isa = PBXFrameworksBuildPhase;
			buildActionMask = 2147483647;
			files = (
				A00BB48A2E3E77AC00D335A4 /* SwiftUI.framework in Frameworks */,
				A00BB4892E3E77AC00D335A4 /* WidgetKit.framework in Frameworks */,
			);
			runOnlyForDeploymentPostprocessing = 0;
		};
		A00D7D262E3AB91200F7538C /* Frameworks */ = {
			isa = PBXFrameworksBuildPhase;
			buildActionMask = 2147483647;
			files = (
				A00BB45C2E3BF68E00D335A4 /* Solar in Frameworks */,
			);
			runOnlyForDeploymentPostprocessing = 0;
		};
		A00D7D362E3AB91300F7538C /* Frameworks */ = {
			isa = PBXFrameworksBuildPhase;
			buildActionMask = 2147483647;
			files = (
			);
			runOnlyForDeploymentPostprocessing = 0;
		};
		A00D7D402E3AB91300F7538C /* Frameworks */ = {
			isa = PBXFrameworksBuildPhase;
			buildActionMask = 2147483647;
			files = (
			);
			runOnlyForDeploymentPostprocessing = 0;
		};
/* End PBXFrameworksBuildPhase section */

/* Begin PBXGroup section */
		A00BB3C72E3AF73C00D335A4 /* Preview Content */ = {
			isa = PBXGroup;
			children = (
				A00BB3C62E3AF73C00D335A4 /* Preview Assets.xcassets */,
			);
			path = "Preview Content";
			sourceTree = "<group>";
		};
		A00BB3D22E3AF73C00D335A4 /* SideQuests */ = {
			isa = PBXGroup;
			children = (
				A00BB4642E3BFA3600D335A4 /* Services */,
				A00BB40C2E3BCD2600D335A4 /* LocationManager.swift */,
				A00BB3C82E3AF73C00D335A4 /* AppState.swift */,
				A00BB3C92E3AF73C00D335A4 /* ContentView.swift */,
				A00BB3CA2E3AF73C00D335A4 /* MainTabView.swift */,
				A00BB3CB2E3AF73C00D335A4 /* Models.swift */,
				A00BB3CC2E3AF73C00D335A4 /* PacksView.swift */,
				A00BB3CD2E3AF73C00D335A4 /* PromptView.swift */,
				A00BB3CE2E3AF73C00D335A4 /* QuestPackLoader.swift */,
				A00BB3CF2E3AF73C00D335A4 /* SettingsView.swift */,
				A00BB3D02E3AF73C00D335A4 /* SideQuestsApp.swift */,
				A00BB3D12E3AF73C00D335A4 /* Theme.swift */,
			);
			path = SideQuests;
			sourceTree = "<group>";
		};
		A00BB3D42E3AF73C00D335A4 /* SideQuests */ = {
			isa = PBXGroup;
			children = (
				A00BB49E2E3E78AE00D335A4 /* SideQuests.entitlements */,
				A00BB40E2E3BD2AF00D335A4 /* Info.plist */,
				A00BB3C72E3AF73C00D335A4 /* Preview Content */,
				A00BB3D22E3AF73C00D335A4 /* SideQuests */,
				A00BB3D32E3AF73C00D335A4 /* Assets.xcassets */,
			);
			path = SideQuests;
			sourceTree = "<group>";
		};
		A00BB4642E3BFA3600D335A4 /* Services */ = {
			isa = PBXGroup;
			children = (
				A00BB4632E3BFA3600D335A4 /* TimeOfDayService.swift */,
			);
			path = Services;
			sourceTree = "<group>";
		};
		A00BB46B2E3E777D00D335A4 /* Frameworks */ = {
			isa = PBXGroup;
			children = (
				A00BB46C2E3E777D00D335A4 /* WidgetKit.framework */,
				A00BB46E2E3E777D00D335A4 /* SwiftUI.framework */,
			);
			name = Frameworks;
			sourceTree = "<group>";
		};
		A00BB4B02E3E823C00D335A4 /* Shared */ = {
			isa = PBXGroup;
			children = (
				A00BB4AA2E3E80FB00D335A4 /* RefreshPromptIntent.swift */,
				A00BB4AB2E3E80FB00D335A4 /* SharedModels.swift */,
			);
			path = Shared;
			sourceTree = "<group>";
		};
		A00D7D202E3AB91200F7538C = {
			isa = PBXGroup;
			children = (
				A00BB4B02E3E823C00D335A4 /* Shared */,
				A00BB49F2E3E79B200D335A4 /* SideQuestsWidgetExtension.entitlements */,
				A00BB3D42E3AF73C00D335A4 /* SideQuests */,
				A00D7D3C2E3AB91300F7538C /* SideQuestsTests */,
				A00D7D462E3AB91300F7538C /* SideQuestsUITests */,
				A00BB48B2E3E77AC00D335A4 /* SideQuestsWidget */,
				A00BB46B2E3E777D00D335A4 /* Frameworks */,
				A00D7D2A2E3AB91200F7538C /* Products */,
				A00BB5192E3E8B0800D335A4 /* questpacks */,
			);
			sourceTree = "<group>";
		};
		A00D7D2A2E3AB91200F7538C /* Products */ = {
			isa = PBXGroup;
			children = (
				A00D7D292E3AB91200F7538C /* SideQuests.app */,
				A00D7D392E3AB91300F7538C /* SideQuestsTests.xctest */,
				A00D7D432E3AB91300F7538C /* SideQuestsUITests.xctest */,
				A00BB4882E3E77AC00D335A4 /* SideQuestsWidgetExtension.appex */,
			);
			name = Products;
			sourceTree = "<group>";
		};
/* End PBXGroup section */

/* Begin PBXNativeTarget section */
		A00BB4872E3E77AC00D335A4 /* SideQuestsWidgetExtension */ = {
			isa = PBXNativeTarget;
			buildConfigurationList = A00BB49B2E3E77AC00D335A4 /* Build configuration list for PBXNativeTarget "SideQuestsWidgetExtension" */;
			buildPhases = (
				A00BB4842E3E77AC00D335A4 /* Sources */,
				A00BB4852E3E77AC00D335A4 /* Frameworks */,
				A00BB4862E3E77AC00D335A4 /* Resources */,
			);
			buildRules = (
			);
			dependencies = (
			);
			fileSystemSynchronizedGroups = (
				A00BB48B2E3E77AC00D335A4 /* SideQuestsWidget */,
			);
			name = SideQuestsWidgetExtension;
			packageProductDependencies = (
			);
			productName = SideQuestsWidgetExtension;
			productReference = A00BB4882E3E77AC00D335A4 /* SideQuestsWidgetExtension.appex */;
			productType = "com.apple.product-type.app-extension";
		};
		A00D7D282E3AB91200F7538C /* SideQuests */ = {
			isa = PBXNativeTarget;
			buildConfigurationList = A00D7D4D2E3AB91300F7538C /* Build configuration list for PBXNativeTarget "SideQuests" */;
			buildPhases = (
				A00D7D252E3AB91200F7538C /* Sources */,
				A00D7D262E3AB91200F7538C /* Frameworks */,
				A00D7D272E3AB91200F7538C /* Resources */,
				A00BB4832E3E777E00D335A4 /* Embed Foundation Extensions */,
			);
			buildRules = (
			);
			dependencies = (
				A00BB4982E3E77AC00D335A4 /* PBXTargetDependency */,
			);
			name = SideQuests;
			packageProductDependencies = (
				A00BB4312E3BF4DB00D335A4 /* Solar */,
			);
			productName = SideQuests;
			productReference = A00D7D292E3AB91200F7538C /* SideQuests.app */;
			productType = "com.apple.product-type.application";
		};
		A00D7D382E3AB91300F7538C /* SideQuestsTests */ = {
			isa = PBXNativeTarget;
			buildConfigurationList = A00D7D502E3AB91300F7538C /* Build configuration list for PBXNativeTarget "SideQuestsTests" */;
			buildPhases = (
				A00D7D352E3AB91300F7538C /* Sources */,
				A00D7D362E3AB91300F7538C /* Frameworks */,
				A00D7D372E3AB91300F7538C /* Resources */,
			);
			buildRules = (
			);
			dependencies = (
				A00D7D3B2E3AB91300F7538C /* PBXTargetDependency */,
			);
			fileSystemSynchronizedGroups = (
				A00D7D3C2E3AB91300F7538C /* SideQuestsTests */,
			);
			name = SideQuestsTests;
			packageProductDependencies = (
			);
			productName = SideQuestsTests;
			productReference = A00D7D392E3AB91300F7538C /* SideQuestsTests.xctest */;
			productType = "com.apple.product-type.bundle.unit-test";
		};
		A00D7D422E3AB91300F7538C /* SideQuestsUITests */ = {
			isa = PBXNativeTarget;
			buildConfigurationList = A00D7D532E3AB91300F7538C /* Build configuration list for PBXNativeTarget "SideQuestsUITests" */;
			buildPhases = (
				A00D7D3F2E3AB91300F7538C /* Sources */,
				A00D7D402E3AB91300F7538C /* Frameworks */,
				A00D7D412E3AB91300F7538C /* Resources */,
			);
			buildRules = (
			);
			dependencies = (
				A00D7D452E3AB91300F7538C /* PBXTargetDependency */,
			);
			fileSystemSynchronizedGroups = (
				A00D7D462E3AB91300F7538C /* SideQuestsUITests */,
			);
			name = SideQuestsUITests;
			packageProductDependencies = (
			);
			productName = SideQuestsUITests;
			productReference = A00D7D432E3AB91300F7538C /* SideQuestsUITests.xctest */;
			productType = "com.apple.product-type.bundle.ui-testing";
		};
/* End PBXNativeTarget section */

/* Begin PBXProject section */
		A00D7D212E3AB91200F7538C /* Project object */ = {
			isa = PBXProject;
			attributes = {
				BuildIndependentTargetsInParallel = 1;
				LastSwiftUpdateCheck = 1620;
				LastUpgradeCheck = 1620;
				TargetAttributes = {
					A00BB4872E3E77AC00D335A4 = {
						CreatedOnToolsVersion = 16.2;
					};
					A00D7D282E3AB91200F7538C = {
						CreatedOnToolsVersion = 16.2;
					};
					A00D7D382E3AB91300F7538C = {
						CreatedOnToolsVersion = 16.2;
						TestTargetID = A00D7D282E3AB91200F7538C;
					};
					A00D7D422E3AB91300F7538C = {
						CreatedOnToolsVersion = 16.2;
						TestTargetID = A00D7D282E3AB91200F7538C;
					};
				};
			};
			buildConfigurationList = A00D7D242E3AB91200F7538C /* Build configuration list for PBXProject "SideQuests" */;
			developmentRegion = en;
			hasScannedForEncodings = 0;
			knownRegions = (
				en,
				Base,
			);
			mainGroup = A00D7D202E3AB91200F7538C;
			minimizedProjectReferenceProxies = 1;
			packageReferences = (
				A00BB40F2E3BF4DB00D335A4 /* XCRemoteSwiftPackageReference "Solar" */,
			);
			preferredProjectObjectVersion = 77;
			productRefGroup = A00D7D2A2E3AB91200F7538C /* Products */;
			projectDirPath = "";
			projectRoot = "";
			targets = (
				A00D7D282E3AB91200F7538C /* SideQuests */,
				A00D7D382E3AB91300F7538C /* SideQuestsTests */,
				A00D7D422E3AB91300F7538C /* SideQuestsUITests */,
				A00BB4872E3E77AC00D335A4 /* SideQuestsWidgetExtension */,
			);
		};
/* End PBXProject section */

/* Begin PBXResourcesBuildPhase section */
		A00BB4862E3E77AC00D335A4 /* Resources */ = {
			isa = PBXResourcesBuildPhase;
			buildActionMask = 2147483647;
			files = (
				A00BB51B2E3E8B2500D335A4 /* questpacks in Resources */,
			);
			runOnlyForDeploymentPostprocessing = 0;
		};
		A00D7D272E3AB91200F7538C /* Resources */ = {
			isa = PBXResourcesBuildPhase;
			buildActionMask = 2147483647;
			files = (
				A00BB51C2E3E8BB300D335A4 /* questpacks in Resources */,
				A00BB3DF2E3AF73C00D335A4 /* Preview Assets.xcassets in Resources */,
				A00BB3E02E3AF73C00D335A4 /* Assets.xcassets in Resources */,
			);
			runOnlyForDeploymentPostprocessing = 0;
		};
		A00D7D372E3AB91300F7538C /* Resources */ = {
			isa = PBXResourcesBuildPhase;
			buildActionMask = 2147483647;
			files = (
			);
			runOnlyForDeploymentPostprocessing = 0;
		};
		A00D7D412E3AB91300F7538C /* Resources */ = {
			isa = PBXResourcesBuildPhase;
			buildActionMask = 2147483647;
			files = (
			);
			runOnlyForDeploymentPostprocessing = 0;
		};
/* End PBXResourcesBuildPhase section */

/* Begin PBXSourcesBuildPhase section */
		A00BB4842E3E77AC00D335A4 /* Sources */ = {
			isa = PBXSourcesBuildPhase;
			buildActionMask = 2147483647;
			files = (
				A00BB4AE2E3E80FB00D335A4 /* SharedModels.swift in Sources */,
				A00BB4AF2E3E80FB00D335A4 /* RefreshPromptIntent.swift in Sources */,
			);
			runOnlyForDeploymentPostprocessing = 0;
		};
		A00D7D252E3AB91200F7538C /* Sources */ = {
			isa = PBXSourcesBuildPhase;
			buildActionMask = 2147483647;
			files = (
				A00BB4AC2E3E80FB00D335A4 /* SharedModels.swift in Sources */,
				A00BB4AD2E3E80FB00D335A4 /* RefreshPromptIntent.swift in Sources */,
				A00BB3D52E3AF73C00D335A4 /* AppState.swift in Sources */,
				A00BB3D62E3AF73C00D335A4 /* ContentView.swift in Sources */,
				A00BB3D72E3AF73C00D335A4 /* MainTabView.swift in Sources */,
				A00BB40D2E3BCD2600D335A4 /* LocationManager.swift in Sources */,
				A00BB3D82E3AF73C00D335A4 /* Models.swift in Sources */,
				A00BB3D92E3AF73C00D335A4 /* PacksView.swift in Sources */,
				A00BB3DA2E3AF73C00D335A4 /* PromptView.swift in Sources */,
				A00BB4652E3BFA3600D335A4 /* TimeOfDayService.swift in Sources */,
				A00BB3DB2E3AF73C00D335A4 /* QuestPackLoader.swift in Sources */,
				A00BB3DC2E3AF73C00D335A4 /* SettingsView.swift in Sources */,
				A00BB3DD2E3AF73C00D335A4 /* SideQuestsApp.swift in Sources */,
				A00BB3DE2E3AF73C00D335A4 /* Theme.swift in Sources */,
			);
			runOnlyForDeploymentPostprocessing = 0;
		};
		A00D7D352E3AB91300F7538C /* Sources */ = {
			isa = PBXSourcesBuildPhase;
			buildActionMask = 2147483647;
			files = (
			);
			runOnlyForDeploymentPostprocessing = 0;
		};
		A00D7D3F2E3AB91300F7538C /* Sources */ = {
			isa = PBXSourcesBuildPhase;
			buildActionMask = 2147483647;
			files = (
			);
			runOnlyForDeploymentPostprocessing = 0;
		};
/* End PBXSourcesBuildPhase section */

/* Begin PBXTargetDependency section */
		A00BB4982E3E77AC00D335A4 /* PBXTargetDependency */ = {
			isa = PBXTargetDependency;
			target = A00BB4872E3E77AC00D335A4 /* SideQuestsWidgetExtension */;
			targetProxy = A00BB4972E3E77AC00D335A4 /* PBXContainerItemProxy */;
		};
		A00D7D3B2E3AB91300F7538C /* PBXTargetDependency */ = {
			isa = PBXTargetDependency;
			target = A00D7D282E3AB91200F7538C /* SideQuests */;
			targetProxy = A00D7D3A2E3AB91300F7538C /* PBXContainerItemProxy */;
		};
		A00D7D452E3AB91300F7538C /* PBXTargetDependency */ = {
			isa = PBXTargetDependency;
			target = A00D7D282E3AB91200F7538C /* SideQuests */;
			targetProxy = A00D7D442E3AB91300F7538C /* PBXContainerItemProxy */;
		};
/* End PBXTargetDependency section */

/* Begin XCBuildConfiguration section */
		A00BB49C2E3E77AC00D335A4 /* Debug */ = {
			isa = XCBuildConfiguration;
			buildSettings = {
				ASSETCATALOG_COMPILER_GLOBAL_ACCENT_COLOR_NAME = AccentColor;
				ASSETCATALOG_COMPILER_WIDGET_BACKGROUND_COLOR_NAME = WidgetBackground;
				CODE_SIGN_ENTITLEMENTS = SideQuestsWidgetExtension.entitlements;
				CODE_SIGN_STYLE = Automatic;
				CURRENT_PROJECT_VERSION = 1;
				DEVELOPMENT_TEAM = U42QPW3ZVB;
				GENERATE_INFOPLIST_FILE = YES;
				INFOPLIST_FILE = SideQuestsWidget/Info.plist;
				INFOPLIST_KEY_CFBundleDisplayName = "SideQuests Widget";
				INFOPLIST_KEY_NSHumanReadableCopyright = "";
				IPHONEOS_DEPLOYMENT_TARGET = 18.0;
				LD_RUNPATH_SEARCH_PATHS = (
					"$(inherited)",
					"@executable_path/Frameworks",
					"@executable_path/../../Frameworks",
				);
				MARKETING_VERSION = 1.0;
				PRODUCT_BUNDLE_IDENTIFIER = Lucas.SideQuests.SideQuestsWidgetExtension;
				PRODUCT_NAME = "$(TARGET_NAME)";
				SKIP_INSTALL = YES;
				SWIFT_EMIT_LOC_STRINGS = YES;
				SWIFT_VERSION = 5.0;
				TARGETED_DEVICE_FAMILY = "1,2";
			};
			name = Debug;
		};
		A00BB49D2E3E77AC00D335A4 /* Release */ = {
			isa = XCBuildConfiguration;
			buildSettings = {
				ASSETCATALOG_COMPILER_GLOBAL_ACCENT_COLOR_NAME = AccentColor;
				ASSETCATALOG_COMPILER_WIDGET_BACKGROUND_COLOR_NAME = WidgetBackground;
				CODE_SIGN_ENTITLEMENTS = SideQuestsWidgetExtension.entitlements;
				CODE_SIGN_STYLE = Automatic;
				CURRENT_PROJECT_VERSION = 1;
				DEVELOPMENT_TEAM = U42QPW3ZVB;
				GENERATE_INFOPLIST_FILE = YES;
				INFOPLIST_FILE = SideQuestsWidget/Info.plist;
				INFOPLIST_KEY_CFBundleDisplayName = "SideQuests Widget";
				INFOPLIST_KEY_NSHumanReadableCopyright = "";
				IPHONEOS_DEPLOYMENT_TARGET = 18.0;
				LD_RUNPATH_SEARCH_PATHS = (
					"$(inherited)",
					"@executable_path/Frameworks",
					"@executable_path/../../Frameworks",
				);
				MARKETING_VERSION = 1.0;
				PRODUCT_BUNDLE_IDENTIFIER = Lucas.SideQuests.SideQuestsWidgetExtension;
				PRODUCT_NAME = "$(TARGET_NAME)";
				SKIP_INSTALL = YES;
				SWIFT_EMIT_LOC_STRINGS = YES;
				SWIFT_VERSION = 5.0;
				TARGETED_DEVICE_FAMILY = "1,2";
			};
			name = Release;
		};
		A00D7D4B2E3AB91300F7538C /* Debug */ = {
			isa = XCBuildConfiguration;
			buildSettings = {
				ALWAYS_SEARCH_USER_PATHS = NO;
				ASSETCATALOG_COMPILER_GENERATE_SWIFT_ASSET_SYMBOL_EXTENSIONS = YES;
				CLANG_ANALYZER_NONNULL = YES;
				CLANG_ANALYZER_NUMBER_OBJECT_CONVERSION = YES_AGGRESSIVE;
				CLANG_CXX_LANGUAGE_STANDARD = "gnu++20";
				CLANG_ENABLE_MODULES = YES;
				CLANG_ENABLE_OBJC_ARC = YES;
				CLANG_ENABLE_OBJC_WEAK = YES;
				CLANG_WARN_BLOCK_CAPTURE_AUTORELEASING = YES;
				CLANG_WARN_BOOL_CONVERSION = YES;
				CLANG_WARN_COMMA = YES;
				CLANG_WARN_CONSTANT_CONVERSION = YES;
				CLANG_WARN_DEPRECATED_OBJC_IMPLEMENTATIONS = YES;
				CLANG_WARN_DIRECT_OBJC_ISA_USAGE = YES_ERROR;
				CLANG_WARN_DOCUMENTATION_COMMENTS = YES;
				CLANG_WARN_EMPTY_BODY = YES;
				CLANG_WARN_ENUM_CONVERSION = YES;
				CLANG_WARN_INFINITE_RECURSION = YES;
				CLANG_WARN_INT_CONVERSION = YES;
				CLANG_WARN_NON_LITERAL_NULL_CONVERSION = YES;
				CLANG_WARN_OBJC_IMPLICIT_RETAIN_SELF = YES;
				CLANG_WARN_OBJC_LITERAL_CONVERSION = YES;
				CLANG_WARN_OBJC_ROOT_CLASS = YES_ERROR;
				CLANG_WARN_QUOTED_INCLUDE_IN_FRAMEWORK_HEADER = YES;
				CLANG_WARN_RANGE_LOOP_ANALYSIS = YES;
				CLANG_WARN_STRICT_PROTOTYPES = YES;
				CLANG_WARN_SUSPICIOUS_MOVE = YES;
				CLANG_WARN_UNGUARDED_AVAILABILITY = YES_AGGRESSIVE;
				CLANG_WARN_UNREACHABLE_CODE = YES;
				CLANG_WARN__DUPLICATE_METHOD_MATCH = YES;
				COPY_PHASE_STRIP = NO;
				DEBUG_INFORMATION_FORMAT = dwarf;
				ENABLE_STRICT_OBJC_MSGSEND = YES;
				ENABLE_TESTABILITY = YES;
				ENABLE_USER_SCRIPT_SANDBOXING = YES;
				GCC_C_LANGUAGE_STANDARD = gnu17;
				GCC_DYNAMIC_NO_PIC = NO;
				GCC_NO_COMMON_BLOCKS = YES;
				GCC_OPTIMIZATION_LEVEL = 0;
				GCC_PREPROCESSOR_DEFINITIONS = (
					"DEBUG=1",
					"$(inherited)",
				);
				GCC_WARN_64_TO_32_BIT_CONVERSION = YES;
				GCC_WARN_ABOUT_RETURN_TYPE = YES_ERROR;
				GCC_WARN_UNDECLARED_SELECTOR = YES;
				GCC_WARN_UNINITIALIZED_AUTOS = YES_AGGRESSIVE;
				GCC_WARN_UNUSED_FUNCTION = YES;
				GCC_WARN_UNUSED_VARIABLE = YES;
				IPHONEOS_DEPLOYMENT_TARGET = 18.2;
				LOCALIZATION_PREFERS_STRING_CATALOGS = YES;
				MTL_ENABLE_DEBUG_INFO = INCLUDE_SOURCE;
				MTL_FAST_MATH = YES;
				ONLY_ACTIVE_ARCH = YES;
				SDKROOT = iphoneos;
				SWIFT_ACTIVE_COMPILATION_CONDITIONS = "DEBUG $(inherited)";
				SWIFT_OPTIMIZATION_LEVEL = "-Onone";
			};
			name = Debug;
		};
		A00D7D4C2E3AB91300F7538C /* Release */ = {
			isa = XCBuildConfiguration;
			buildSettings = {
				ALWAYS_SEARCH_USER_PATHS = NO;
				ASSETCATALOG_COMPILER_GENERATE_SWIFT_ASSET_SYMBOL_EXTENSIONS = YES;
				CLANG_ANALYZER_NONNULL = YES;
				CLANG_ANALYZER_NUMBER_OBJECT_CONVERSION = YES_AGGRESSIVE;
				CLANG_CXX_LANGUAGE_STANDARD = "gnu++20";
				CLANG_ENABLE_MODULES = YES;
				CLANG_ENABLE_OBJC_ARC = YES;
				CLANG_ENABLE_OBJC_WEAK = YES;
				CLANG_WARN_BLOCK_CAPTURE_AUTORELEASING = YES;
				CLANG_WARN_BOOL_CONVERSION = YES;
				CLANG_WARN_COMMA = YES;
				CLANG_WARN_CONSTANT_CONVERSION = YES;
				CLANG_WARN_DEPRECATED_OBJC_IMPLEMENTATIONS = YES;
				CLANG_WARN_DIRECT_OBJC_ISA_USAGE = YES_ERROR;
				CLANG_WARN_DOCUMENTATION_COMMENTS = YES;
				CLANG_WARN_EMPTY_BODY = YES;
				CLANG_WARN_ENUM_CONVERSION = YES;
				CLANG_WARN_INFINITE_RECURSION = YES;
				CLANG_WARN_INT_CONVERSION = YES;
				CLANG_WARN_NON_LITERAL_NULL_CONVERSION = YES;
				CLANG_WARN_OBJC_IMPLICIT_RETAIN_SELF = YES;
				CLANG_WARN_OBJC_LITERAL_CONVERSION = YES;
				CLANG_WARN_OBJC_ROOT_CLASS = YES_ERROR;
				CLANG_WARN_QUOTED_INCLUDE_IN_FRAMEWORK_HEADER = YES;
				CLANG_WARN_RANGE_LOOP_ANALYSIS = YES;
				CLANG_WARN_STRICT_PROTOTYPES = YES;
				CLANG_WARN_SUSPICIOUS_MOVE = YES;
				CLANG_WARN_UNGUARDED_AVAILABILITY = YES_AGGRESSIVE;
				CLANG_WARN_UNREACHABLE_CODE = YES;
				CLANG_WARN__DUPLICATE_METHOD_MATCH = YES;
				COPY_PHASE_STRIP = NO;
				DEBUG_INFORMATION_FORMAT = "dwarf-with-dsym";
				ENABLE_NS_ASSERTIONS = NO;
				ENABLE_STRICT_OBJC_MSGSEND = YES;
				ENABLE_USER_SCRIPT_SANDBOXING = YES;
				GCC_C_LANGUAGE_STANDARD = gnu17;
				GCC_NO_COMMON_BLOCKS = YES;
				GCC_WARN_64_TO_32_BIT_CONVERSION = YES;
				GCC_WARN_ABOUT_RETURN_TYPE = YES_ERROR;
				GCC_WARN_UNDECLARED_SELECTOR = YES;
				GCC_WARN_UNINITIALIZED_AUTOS = YES_AGGRESSIVE;
				GCC_WARN_UNUSED_FUNCTION = YES;
				GCC_WARN_UNUSED_VARIABLE = YES;
				IPHONEOS_DEPLOYMENT_TARGET = 18.2;
				LOCALIZATION_PREFERS_STRING_CATALOGS = YES;
				MTL_ENABLE_DEBUG_INFO = NO;
				MTL_FAST_MATH = YES;
				SDKROOT = iphoneos;
				SWIFT_COMPILATION_MODE = wholemodule;
				VALIDATE_PRODUCT = YES;
			};
			name = Release;
		};
		A00D7D4E2E3AB91300F7538C /* Debug */ = {
			isa = XCBuildConfiguration;
			buildSettings = {
				ASSETCATALOG_COMPILER_APPICON_NAME = AppIcon;
				ASSETCATALOG_COMPILER_GLOBAL_ACCENT_COLOR_NAME = AccentColor;
				CODE_SIGN_ENTITLEMENTS = SideQuests/SideQuests.entitlements;
				CODE_SIGN_STYLE = Automatic;
				CURRENT_PROJECT_VERSION = 1;
				DEVELOPMENT_ASSET_PATHS = "\"SideQuests/Preview Content\"";
				DEVELOPMENT_TEAM = U42QPW3ZVB;
				ENABLE_PREVIEWS = YES;
				GENERATE_INFOPLIST_FILE = YES;
				INFOPLIST_FILE = SideQuests/Info.plist;
				INFOPLIST_KEY_NSLocationAlwaysAndWhenInUseUsageDescription = "SideQuests uses your location to intelligently determine when you are home or away, helping suggest relevant activities without draining your battery.";
				INFOPLIST_KEY_NSLocationWhenInUseUsageDescription = "We use your location to provide you with prompts that are relevant to whether you're at home or out and about.";
				INFOPLIST_KEY_UIApplicationSceneManifest_Generation = YES;
				INFOPLIST_KEY_UIApplicationSupportsIndirectInputEvents = YES;
				INFOPLIST_KEY_UILaunchScreen_Generation = YES;
				INFOPLIST_KEY_UISupportedInterfaceOrientations_iPad = "UIInterfaceOrientationPortrait UIInterfaceOrientationPortraitUpsideDown UIInterfaceOrientationLandscapeLeft UIInterfaceOrientationLandscapeRight";
				INFOPLIST_KEY_UISupportedInterfaceOrientations_iPhone = "UIInterfaceOrientationPortrait UIInterfaceOrientationLandscapeLeft UIInterfaceOrientationLandscapeRight";
				IPHONEOS_DEPLOYMENT_TARGET = 18.0;
				LD_RUNPATH_SEARCH_PATHS = (
					"$(inherited)",
					"@executable_path/Frameworks",
				);
				MARKETING_VERSION = 1.0;
				PRODUCT_BUNDLE_IDENTIFIER = Lucas.SideQuests;
				PRODUCT_NAME = "$(TARGET_NAME)";
				SWIFT_EMIT_LOC_STRINGS = YES;
				SWIFT_VERSION = 5.0;
				TARGETED_DEVICE_FAMILY = "1,2";
			};
			name = Debug;
		};
		A00D7D4F2E3AB91300F7538C /* Release */ = {
			isa = XCBuildConfiguration;
			buildSettings = {
				ASSETCATALOG_COMPILER_APPICON_NAME = AppIcon;
				ASSETCATALOG_COMPILER_GLOBAL_ACCENT_COLOR_NAME = AccentColor;
				CODE_SIGN_ENTITLEMENTS = SideQuests/SideQuests.entitlements;
				CODE_SIGN_STYLE = Automatic;
				CURRENT_PROJECT_VERSION = 1;
				DEVELOPMENT_ASSET_PATHS = "\"SideQuests/Preview Content\"";
				DEVELOPMENT_TEAM = U42QPW3ZVB;
				ENABLE_PREVIEWS = YES;
				GENERATE_INFOPLIST_FILE = YES;
				INFOPLIST_FILE = SideQuests/Info.plist;
				INFOPLIST_KEY_NSLocationAlwaysAndWhenInUseUsageDescription = "SideQuests uses your location to intelligently determine when you are home or away, helping suggest relevant activities without draining your battery.";
				INFOPLIST_KEY_NSLocationWhenInUseUsageDescription = "We use your location to provide you with prompts that are relevant to whether you're at home or out and about.";
				INFOPLIST_KEY_UIApplicationSceneManifest_Generation = YES;
				INFOPLIST_KEY_UIApplicationSupportsIndirectInputEvents = YES;
				INFOPLIST_KEY_UILaunchScreen_Generation = YES;
				INFOPLIST_KEY_UISupportedInterfaceOrientations_iPad = "UIInterfaceOrientationPortrait UIInterfaceOrientationPortraitUpsideDown UIInterfaceOrientationLandscapeLeft UIInterfaceOrientationLandscapeRight";
				INFOPLIST_KEY_UISupportedInterfaceOrientations_iPhone = "UIInterfaceOrientationPortrait UIInterfaceOrientationLandscapeLeft UIInterfaceOrientationLandscapeRight";
				IPHONEOS_DEPLOYMENT_TARGET = 18.0;
				LD_RUNPATH_SEARCH_PATHS = (
					"$(inherited)",
					"@executable_path/Frameworks",
				);
				MARKETING_VERSION = 1.0;
				PRODUCT_BUNDLE_IDENTIFIER = Lucas.SideQuests;
				PRODUCT_NAME = "$(TARGET_NAME)";
				SWIFT_EMIT_LOC_STRINGS = YES;
				SWIFT_VERSION = 5.0;
				TARGETED_DEVICE_FAMILY = "1,2";
			};
			name = Release;
		};
		A00D7D512E3AB91300F7538C /* Debug */ = {
			isa = XCBuildConfiguration;
			buildSettings = {
				BUNDLE_LOADER = "$(TEST_HOST)";
				CODE_SIGN_STYLE = Automatic;
				CURRENT_PROJECT_VERSION = 1;
				DEVELOPMENT_TEAM = U42QPW3ZVB;
				GENERATE_INFOPLIST_FILE = YES;
				IPHONEOS_DEPLOYMENT_TARGET = 18.2;
				MARKETING_VERSION = 1.0;
				PRODUCT_BUNDLE_IDENTIFIER = Lucas.SideQuestsTests;
				PRODUCT_NAME = "$(TARGET_NAME)";
				SWIFT_EMIT_LOC_STRINGS = NO;
				SWIFT_VERSION = 5.0;
				TARGETED_DEVICE_FAMILY = "1,2";
				TEST_HOST = "$(BUILT_PRODUCTS_DIR)/SideQuests.app/$(BUNDLE_EXECUTABLE_FOLDER_PATH)/SideQuests";
			};
			name = Debug;
		};
		A00D7D522E3AB91300F7538C /* Release */ = {
			isa = XCBuildConfiguration;
			buildSettings = {
				BUNDLE_LOADER = "$(TEST_HOST)";
				CODE_SIGN_STYLE = Automatic;
				CURRENT_PROJECT_VERSION = 1;
				DEVELOPMENT_TEAM = U42QPW3ZVB;
				GENERATE_INFOPLIST_FILE = YES;
				IPHONEOS_DEPLOYMENT_TARGET = 18.2;
				MARKETING_VERSION = 1.0;
				PRODUCT_BUNDLE_IDENTIFIER = Lucas.SideQuestsTests;
				PRODUCT_NAME = "$(TARGET_NAME)";
				SWIFT_EMIT_LOC_STRINGS = NO;
				SWIFT_VERSION = 5.0;
				TARGETED_DEVICE_FAMILY = "1,2";
				TEST_HOST = "$(BUILT_PRODUCTS_DIR)/SideQuests.app/$(BUNDLE_EXECUTABLE_FOLDER_PATH)/SideQuests";
			};
			name = Release;
		};
		A00D7D542E3AB91300F7538C /* Debug */ = {
			isa = XCBuildConfiguration;
			buildSettings = {
				CODE_SIGN_STYLE = Automatic;
				CURRENT_PROJECT_VERSION = 1;
				DEVELOPMENT_TEAM = U42QPW3ZVB;
				GENERATE_INFOPLIST_FILE = YES;
				MARKETING_VERSION = 1.0;
				PRODUCT_BUNDLE_IDENTIFIER = Lucas.SideQuestsUITests;
				PRODUCT_NAME = "$(TARGET_NAME)";
				SWIFT_EMIT_LOC_STRINGS = NO;
				SWIFT_VERSION = 5.0;
				TARGETED_DEVICE_FAMILY = "1,2";
				TEST_TARGET_NAME = SideQuests;
			};
			name = Debug;
		};
		A00D7D552E3AB91300F7538C /* Release */ = {
			isa = XCBuildConfiguration;
			buildSettings = {
				CODE_SIGN_STYLE = Automatic;
				CURRENT_PROJECT_VERSION = 1;
				DEVELOPMENT_TEAM = U42QPW3ZVB;
				GENERATE_INFOPLIST_FILE = YES;
				MARKETING_VERSION = 1.0;
				PRODUCT_BUNDLE_IDENTIFIER = Lucas.SideQuestsUITests;
				PRODUCT_NAME = "$(TARGET_NAME)";
				SWIFT_EMIT_LOC_STRINGS = NO;
				SWIFT_VERSION = 5.0;
				TARGETED_DEVICE_FAMILY = "1,2";
				TEST_TARGET_NAME = SideQuests;
			};
			name = Release;
		};
/* End XCBuildConfiguration section */

/* Begin XCConfigurationList section */
		A00BB49B2E3E77AC00D335A4 /* Build configuration list for PBXNativeTarget "SideQuestsWidgetExtension" */ = {
			isa = XCConfigurationList;
			buildConfigurations = (
				A00BB49C2E3E77AC00D335A4 /* Debug */,
				A00BB49D2E3E77AC00D335A4 /* Release */,
			);
			defaultConfigurationIsVisible = 0;
			defaultConfigurationName = Release;
		};
		A00D7D242E3AB91200F7538C /* Build configuration list for PBXProject "SideQuests" */ = {
			isa = XCConfigurationList;
			buildConfigurations = (
				A00D7D4B2E3AB91300F7538C /* Debug */,
				A00D7D4C2E3AB91300F7538C /* Release */,
			);
			defaultConfigurationIsVisible = 0;
			defaultConfigurationName = Release;
		};
		A00D7D4D2E3AB91300F7538C /* Build configuration list for PBXNativeTarget "SideQuests" */ = {
			isa = XCConfigurationList;
			buildConfigurations = (
				A00D7D4E2E3AB91300F7538C /* Debug */,
				A00D7D4F2E3AB91300F7538C /* Release */,
			);
			defaultConfigurationIsVisible = 0;
			defaultConfigurationName = Release;
		};
		A00D7D502E3AB91300F7538C /* Build configuration list for PBXNativeTarget "SideQuestsTests" */ = {
			isa = XCConfigurationList;
			buildConfigurations = (
				A00D7D512E3AB91300F7538C /* Debug */,
				A00D7D522E3AB91300F7538C /* Release */,
			);
			defaultConfigurationIsVisible = 0;
			defaultConfigurationName = Release;
		};
		A00D7D532E3AB91300F7538C /* Build configuration list for PBXNativeTarget "SideQuestsUITests" */ = {
			isa = XCConfigurationList;
			buildConfigurations = (
				A00D7D542E3AB91300F7538C /* Debug */,
				A00D7D552E3AB91300F7538C /* Release */,
			);
			defaultConfigurationIsVisible = 0;
			defaultConfigurationName = Release;
		};
/* End XCConfigurationList section */

/* Begin XCRemoteSwiftPackageReference section */
		A00BB40F2E3BF4DB00D335A4 /* XCRemoteSwiftPackageReference "Solar" */ = {
			isa = XCRemoteSwiftPackageReference;
			repositoryURL = "https://github.com/ceeK/Solar.git";
			requirement = {
				kind = upToNextMajorVersion;
				minimumVersion = 3.0.1;
			};
		};
/* End XCRemoteSwiftPackageReference section */

/* Begin XCSwiftPackageProductDependency section */
		A00BB4312E3BF4DB00D335A4 /* Solar */ = {
			isa = XCSwiftPackageProductDependency;
			package = A00BB40F2E3BF4DB00D335A4 /* XCRemoteSwiftPackageReference "Solar" */;
			productName = Solar;
		};
/* End XCSwiftPackageProductDependency section */
	};
	rootObject = A00D7D212E3AB91200F7538C /* Project object */;
}
